// !$*UTF8*$!
{
	archiveVersion = 1;
	classes = {
	};
	objectVersion = 46;
	objects = {

/* Begin PBXBuildFile section */
		8B2706A41CFC2269009BD5ED /* main.m in Sources */ = {isa = PBXBuildFile; fileRef = 8B2706A31CFC2269009BD5ED /* main.m */; };
		8B2706A71CFC2269009BD5ED /* AppDelegate.m in Sources */ = {isa = PBXBuildFile; fileRef = 8B2706A61CFC2269009BD5ED /* AppDelegate.m */; };
		8B2706AA1CFC2269009BD5ED /* ViewController.m in Sources */ = {isa = PBXBuildFile; fileRef = 8B2706A91CFC2269009BD5ED /* ViewController.m */; };
		8B2706AD1CFC226A009BD5ED /* Main.storyboard in Resources */ = {isa = PBXBuildFile; fileRef = 8B2706AB1CFC226A009BD5ED /* Main.storyboard */; };
		8B2706AF1CFC226A009BD5ED /* Assets.xcassets in Resources */ = {isa = PBXBuildFile; fileRef = 8B2706AE1CFC226A009BD5ED /* Assets.xcassets */; };
		8B2706B21CFC226A009BD5ED /* LaunchScreen.storyboard in Resources */ = {isa = PBXBuildFile; fileRef = 8B2706B01CFC226A009BD5ED /* LaunchScreen.storyboard */; };
		8B2706BD1CFC226A009BD5ED /* LHYTableviewCellTests.m in Sources */ = {isa = PBXBuildFile; fileRef = 8B2706BC1CFC226A009BD5ED /* LHYTableviewCellTests.m */; };
		8B2706C81CFC226A009BD5ED /* LHYTableviewCellUITests.m in Sources */ = {isa = PBXBuildFile; fileRef = 8B2706C71CFC226A009BD5ED /* LHYTableviewCellUITests.m */; };
		8B2706D81CFC22D5009BD5ED /* LHYTableViewCellView.m in Sources */ = {isa = PBXBuildFile; fileRef = 8B2706D71CFC22D5009BD5ED /* LHYTableViewCellView.m */; };
		8B2706F51CFC25DC009BD5ED /* Info.plist in Resources */ = {isa = PBXBuildFile; fileRef = 8B2706DB1CFC25DC009BD5ED /* Info.plist */; };
		8B2706F61CFC25DC009BD5ED /* MASCompositeConstraint.m in Sources */ = {isa = PBXBuildFile; fileRef = 8B2706DD1CFC25DC009BD5ED /* MASCompositeConstraint.m */; };
		8B2706F71CFC25DC009BD5ED /* MASConstraint.m in Sources */ = {isa = PBXBuildFile; fileRef = 8B2706E01CFC25DC009BD5ED /* MASConstraint.m */; };
		8B2706F81CFC25DC009BD5ED /* MASConstraintMaker.m in Sources */ = {isa = PBXBuildFile; fileRef = 8B2706E21CFC25DC009BD5ED /* MASConstraintMaker.m */; };
		8B2706F91CFC25DC009BD5ED /* MASLayoutConstraint.m in Sources */ = {isa = PBXBuildFile; fileRef = 8B2706E41CFC25DC009BD5ED /* MASLayoutConstraint.m */; };
		8B2706FA1CFC25DC009BD5ED /* MASViewAttribute.m in Sources */ = {isa = PBXBuildFile; fileRef = 8B2706E81CFC25DC009BD5ED /* MASViewAttribute.m */; };
		8B2706FB1CFC25DC009BD5ED /* MASViewConstraint.m in Sources */ = {isa = PBXBuildFile; fileRef = 8B2706EA1CFC25DC009BD5ED /* MASViewConstraint.m */; };
		8B2706FC1CFC25DC009BD5ED /* NSArray+MASAdditions.m in Sources */ = {isa = PBXBuildFile; fileRef = 8B2706EC1CFC25DC009BD5ED /* NSArray+MASAdditions.m */; };
		8B2706FD1CFC25DC009BD5ED /* NSLayoutConstraint+MASDebugAdditions.m in Sources */ = {isa = PBXBuildFile; fileRef = 8B2706EF1CFC25DC009BD5ED /* NSLayoutConstraint+MASDebugAdditions.m */; };
		8B2706FE1CFC25DC009BD5ED /* View+MASAdditions.m in Sources */ = {isa = PBXBuildFile; fileRef = 8B2706F11CFC25DC009BD5ED /* View+MASAdditions.m */; };
		8B2706FF1CFC25DC009BD5ED /* ViewController+MASAdditions.m in Sources */ = {isa = PBXBuildFile; fileRef = 8B2706F41CFC25DC009BD5ED /* ViewController+MASAdditions.m */; };
		8B2707021CFC32D4009BD5ED /* LHYTableviewCell.m in Sources */ = {isa = PBXBuildFile; fileRef = 8B2707011CFC32D4009BD5ED /* LHYTableviewCell.m */; };
		8B2707071CFC3E53009BD5ED /* NSString+CalcSize.m in Sources */ = {isa = PBXBuildFile; fileRef = 8B2707061CFC3E53009BD5ED /* NSString+CalcSize.m */; };
		8BD5DF121CFD32CC00B2C545 /* UIView+Frame.m in Sources */ = {isa = PBXBuildFile; fileRef = 8BD5DF111CFD32CC00B2C545 /* UIView+Frame.m */; };
/* End PBXBuildFile section */

/* Begin PBXContainerItemProxy section */
		8B2706B91CFC226A009BD5ED /* PBXContainerItemProxy */ = {
			isa = PBXContainerItemProxy;
			containerPortal = 8B2706971CFC2269009BD5ED /* Project object */;
			proxyType = 1;
			remoteGlobalIDString = 8B27069E1CFC2269009BD5ED;
			remoteInfo = LHYTableviewCell;
		};
		8B2706C41CFC226A009BD5ED /* PBXContainerItemProxy */ = {
			isa = PBXContainerItemProxy;
			containerPortal = 8B2706971CFC2269009BD5ED /* Project object */;
			proxyType = 1;
			remoteGlobalIDString = 8B27069E1CFC2269009BD5ED;
			remoteInfo = LHYTableviewCell;
		};
/* End PBXContainerItemProxy section */

/* Begin PBXFileReference section */
		8B27069F1CFC2269009BD5ED /* LHYTableviewCell.app */ = {isa = PBXFileReference; explicitFileType = wrapper.application; includeInIndex = 0; path = LHYTableviewCell.app; sourceTree = BUILT_PRODUCTS_DIR; };
		8B2706A31CFC2269009BD5ED /* main.m */ = {isa = PBXFileReference; lastKnownFileType = sourcecode.c.objc; path = main.m; sourceTree = "<group>"; };
		8B2706A51CFC2269009BD5ED /* AppDelegate.h */ = {isa = PBXFileReference; lastKnownFileType = sourcecode.c.h; path = AppDelegate.h; sourceTree = "<group>"; };
		8B2706A61CFC2269009BD5ED /* AppDelegate.m */ = {isa = PBXFileReference; lastKnownFileType = sourcecode.c.objc; path = AppDelegate.m; sourceTree = "<group>"; };
		8B2706A81CFC2269009BD5ED /* ViewController.h */ = {isa = PBXFileReference; lastKnownFileType = sourcecode.c.h; path = ViewController.h; sourceTree = "<group>"; };
		8B2706A91CFC2269009BD5ED /* ViewController.m */ = {isa = PBXFileReference; lastKnownFileType = sourcecode.c.objc; path = ViewController.m; sourceTree = "<group>"; };
		8B2706AC1CFC226A009BD5ED /* Base */ = {isa = PBXFileReference; lastKnownFileType = file.storyboard; name = Base; path = Base.lproj/Main.storyboard; sourceTree = "<group>"; };
		8B2706AE1CFC226A009BD5ED /* Assets.xcassets */ = {isa = PBXFileReference; lastKnownFileType = folder.assetcatalog; path = Assets.xcassets; sourceTree = "<group>"; };
		8B2706B11CFC226A009BD5ED /* Base */ = {isa = PBXFileReference; lastKnownFileType = file.storyboard; name = Base; path = Base.lproj/LaunchScreen.storyboard; sourceTree = "<group>"; };
		8B2706B31CFC226A009BD5ED /* Info.plist */ = {isa = PBXFileReference; lastKnownFileType = text.plist.xml; path = Info.plist; sourceTree = "<group>"; };
		8B2706B81CFC226A009BD5ED /* LHYTableviewCellTests.xctest */ = {isa = PBXFileReference; explicitFileType = wrapper.cfbundle; includeInIndex = 0; path = LHYTableviewCellTests.xctest; sourceTree = BUILT_PRODUCTS_DIR; };
		8B2706BC1CFC226A009BD5ED /* LHYTableviewCellTests.m */ = {isa = PBXFileReference; lastKnownFileType = sourcecode.c.objc; path = LHYTableviewCellTests.m; sourceTree = "<group>"; };
		8B2706BE1CFC226A009BD5ED /* Info.plist */ = {isa = PBXFileReference; lastKnownFileType = text.plist.xml; path = Info.plist; sourceTree = "<group>"; };
		8B2706C31CFC226A009BD5ED /* LHYTableviewCellUITests.xctest */ = {isa = PBXFileReference; explicitFileType = wrapper.cfbundle; includeInIndex = 0; path = LHYTableviewCellUITests.xctest; sourceTree = BUILT_PRODUCTS_DIR; };
		8B2706C71CFC226A009BD5ED /* LHYTableviewCellUITests.m */ = {isa = PBXFileReference; lastKnownFileType = sourcecode.c.objc; path = LHYTableviewCellUITests.m; sourceTree = "<group>"; };
		8B2706C91CFC226A009BD5ED /* Info.plist */ = {isa = PBXFileReference; lastKnownFileType = text.plist.xml; path = Info.plist; sourceTree = "<group>"; };
		8B2706D61CFC22D5009BD5ED /* LHYTableViewCellView.h */ = {isa = PBXFileReference; fileEncoding = 4; lastKnownFileType = sourcecode.c.h; path = LHYTableViewCellView.h; sourceTree = "<group>"; };
		8B2706D71CFC22D5009BD5ED /* LHYTableViewCellView.m */ = {isa = PBXFileReference; fileEncoding = 4; lastKnownFileType = sourcecode.c.objc; path = LHYTableViewCellView.m; sourceTree = "<group>"; };
		8B2706DB1CFC25DC009BD5ED /* Info.plist */ = {isa = PBXFileReference; fileEncoding = 4; lastKnownFileType = text.plist.xml; path = Info.plist; sourceTree = "<group>"; };
		8B2706DC1CFC25DC009BD5ED /* MASCompositeConstraint.h */ = {isa = PBXFileReference; fileEncoding = 4; lastKnownFileType = sourcecode.c.h; path = MASCompositeConstraint.h; sourceTree = "<group>"; };
		8B2706DD1CFC25DC009BD5ED /* MASCompositeConstraint.m */ = {isa = PBXFileReference; fileEncoding = 4; lastKnownFileType = sourcecode.c.objc; path = MASCompositeConstraint.m; sourceTree = "<group>"; };
		8B2706DE1CFC25DC009BD5ED /* MASConstraint+Private.h */ = {isa = PBXFileReference; fileEncoding = 4; lastKnownFileType = sourcecode.c.h; path = "MASConstraint+Private.h"; sourceTree = "<group>"; };
		8B2706DF1CFC25DC009BD5ED /* MASConstraint.h */ = {isa = PBXFileReference; fileEncoding = 4; lastKnownFileType = sourcecode.c.h; path = MASConstraint.h; sourceTree = "<group>"; };
		8B2706E01CFC25DC009BD5ED /* MASConstraint.m */ = {isa = PBXFileReference; fileEncoding = 4; lastKnownFileType = sourcecode.c.objc; path = MASConstraint.m; sourceTree = "<group>"; };
		8B2706E11CFC25DC009BD5ED /* MASConstraintMaker.h */ = {isa = PBXFileReference; fileEncoding = 4; lastKnownFileType = sourcecode.c.h; path = MASConstraintMaker.h; sourceTree = "<group>"; };
		8B2706E21CFC25DC009BD5ED /* MASConstraintMaker.m */ = {isa = PBXFileReference; fileEncoding = 4; lastKnownFileType = sourcecode.c.objc; path = MASConstraintMaker.m; sourceTree = "<group>"; };
		8B2706E31CFC25DC009BD5ED /* MASLayoutConstraint.h */ = {isa = PBXFileReference; fileEncoding = 4; lastKnownFileType = sourcecode.c.h; path = MASLayoutConstraint.h; sourceTree = "<group>"; };
		8B2706E41CFC25DC009BD5ED /* MASLayoutConstraint.m */ = {isa = PBXFileReference; fileEncoding = 4; lastKnownFileType = sourcecode.c.objc; path = MASLayoutConstraint.m; sourceTree = "<group>"; };
		8B2706E51CFC25DC009BD5ED /* Masonry.h */ = {isa = PBXFileReference; fileEncoding = 4; lastKnownFileType = sourcecode.c.h; path = Masonry.h; sourceTree = "<group>"; };
		8B2706E61CFC25DC009BD5ED /* MASUtilities.h */ = {isa = PBXFileReference; fileEncoding = 4; lastKnownFileType = sourcecode.c.h; path = MASUtilities.h; sourceTree = "<group>"; };
		8B2706E71CFC25DC009BD5ED /* MASViewAttribute.h */ = {isa = PBXFileReference; fileEncoding = 4; lastKnownFileType = sourcecode.c.h; path = MASViewAttribute.h; sourceTree = "<group>"; };
		8B2706E81CFC25DC009BD5ED /* MASViewAttribute.m */ = {isa = PBXFileReference; fileEncoding = 4; lastKnownFileType = sourcecode.c.objc; path = MASViewAttribute.m; sourceTree = "<group>"; };
		8B2706E91CFC25DC009BD5ED /* MASViewConstraint.h */ = {isa = PBXFileReference; fileEncoding = 4; lastKnownFileType = sourcecode.c.h; path = MASViewConstraint.h; sourceTree = "<group>"; };
		8B2706EA1CFC25DC009BD5ED /* MASViewConstraint.m */ = {isa = PBXFileReference; fileEncoding = 4; lastKnownFileType = sourcecode.c.objc; path = MASViewConstraint.m; sourceTree = "<group>"; };
		8B2706EB1CFC25DC009BD5ED /* NSArray+MASAdditions.h */ = {isa = PBXFileReference; fileEncoding = 4; lastKnownFileType = sourcecode.c.h; path = "NSArray+MASAdditions.h"; sourceTree = "<group>"; };
		8B2706EC1CFC25DC009BD5ED /* NSArray+MASAdditions.m */ = {isa = PBXFileReference; fileEncoding = 4; lastKnownFileType = sourcecode.c.objc; path = "NSArray+MASAdditions.m"; sourceTree = "<group>"; };
		8B2706ED1CFC25DC009BD5ED /* NSArray+MASShorthandAdditions.h */ = {isa = PBXFileReference; fileEncoding = 4; lastKnownFileType = sourcecode.c.h; path = "NSArray+MASShorthandAdditions.h"; sourceTree = "<group>"; };
		8B2706EE1CFC25DC009BD5ED /* NSLayoutConstraint+MASDebugAdditions.h */ = {isa = PBXFileReference; fileEncoding = 4; lastKnownFileType = sourcecode.c.h; path = "NSLayoutConstraint+MASDebugAdditions.h"; sourceTree = "<group>"; };
		8B2706EF1CFC25DC009BD5ED /* NSLayoutConstraint+MASDebugAdditions.m */ = {isa = PBXFileReference; fileEncoding = 4; lastKnownFileType = sourcecode.c.objc; path = "NSLayoutConstraint+MASDebugAdditions.m"; sourceTree = "<group>"; };
		8B2706F01CFC25DC009BD5ED /* View+MASAdditions.h */ = {isa = PBXFileReference; fileEncoding = 4; lastKnownFileType = sourcecode.c.h; path = "View+MASAdditions.h"; sourceTree = "<group>"; };
		8B2706F11CFC25DC009BD5ED /* View+MASAdditions.m */ = {isa = PBXFileReference; fileEncoding = 4; lastKnownFileType = sourcecode.c.objc; path = "View+MASAdditions.m"; sourceTree = "<group>"; };
		8B2706F21CFC25DC009BD5ED /* View+MASShorthandAdditions.h */ = {isa = PBXFileReference; fileEncoding = 4; lastKnownFileType = sourcecode.c.h; path = "View+MASShorthandAdditions.h"; sourceTree = "<group>"; };
		8B2706F31CFC25DC009BD5ED /* ViewController+MASAdditions.h */ = {isa = PBXFileReference; fileEncoding = 4; lastKnownFileType = sourcecode.c.h; path = "ViewController+MASAdditions.h"; sourceTree = "<group>"; };
		8B2706F41CFC25DC009BD5ED /* ViewController+MASAdditions.m */ = {isa = PBXFileReference; fileEncoding = 4; lastKnownFileType = sourcecode.c.objc; path = "ViewController+MASAdditions.m"; sourceTree = "<group>"; };
		8B2707001CFC32D4009BD5ED /* LHYTableviewCell.h */ = {isa = PBXFileReference; fileEncoding = 4; lastKnownFileType = sourcecode.c.h; path = LHYTableviewCell.h; sourceTree = "<group>"; };
		8B2707011CFC32D4009BD5ED /* LHYTableviewCell.m */ = {isa = PBXFileReference; fileEncoding = 4; lastKnownFileType = sourcecode.c.objc; path = LHYTableviewCell.m; sourceTree = "<group>"; };
		8B2707051CFC3E53009BD5ED /* NSString+CalcSize.h */ = {isa = PBXFileReference; fileEncoding = 4; lastKnownFileType = sourcecode.c.h; path = "NSString+CalcSize.h"; sourceTree = "<group>"; };
		8B2707061CFC3E53009BD5ED /* NSString+CalcSize.m */ = {isa = PBXFileReference; fileEncoding = 4; lastKnownFileType = sourcecode.c.objc; path = "NSString+CalcSize.m"; sourceTree = "<group>"; };
		8BD5DF101CFD32CC00B2C545 /* UIView+Frame.h */ = {isa = PBXFileReference; fileEncoding = 4; lastKnownFileType = sourcecode.c.h; path = "UIView+Frame.h"; sourceTree = "<group>"; };
		8BD5DF111CFD32CC00B2C545 /* UIView+Frame.m */ = {isa = PBXFileReference; fileEncoding = 4; lastKnownFileType = sourcecode.c.objc; path = "UIView+Frame.m"; sourceTree = "<group>"; };
/* End PBXFileReference section */

/* Begin PBXFrameworksBuildPhase section */
		8B27069C1CFC2269009BD5ED /* Frameworks */ = {
			isa = PBXFrameworksBuildPhase;
			buildActionMask = 2147483647;
			files = (
			);
			runOnlyForDeploymentPostprocessing = 0;
		};
		8B2706B51CFC226A009BD5ED /* Frameworks */ = {
			isa = PBXFrameworksBuildPhase;
			buildActionMask = 2147483647;
			files = (
			);
			runOnlyForDeploymentPostprocessing = 0;
		};
		8B2706C01CFC226A009BD5ED /* Frameworks */ = {
			isa = PBXFrameworksBuildPhase;
			buildActionMask = 2147483647;
			files = (
			);
			runOnlyForDeploymentPostprocessing = 0;
		};
/* End PBXFrameworksBuildPhase section */

/* Begin PBXGroup section */
		8B2706961CFC2269009BD5ED = {
			isa = PBXGroup;
			children = (
				8B2706A11CFC2269009BD5ED /* LHYTableviewCell */,
				8B2706BB1CFC226A009BD5ED /* LHYTableviewCellTests */,
				8B2706C61CFC226A009BD5ED /* LHYTableviewCellUITests */,
				8B2706A01CFC2269009BD5ED /* Products */,
			);
			sourceTree = "<group>";
		};
		8B2706A01CFC2269009BD5ED /* Products */ = {
			isa = PBXGroup;
			children = (
				8B27069F1CFC2269009BD5ED /* LHYTableviewCell.app */,
				8B2706B81CFC226A009BD5ED /* LHYTableviewCellTests.xctest */,
				8B2706C31CFC226A009BD5ED /* LHYTableviewCellUITests.xctest */,
			);
			name = Products;
			sourceTree = "<group>";
		};
		8B2706A11CFC2269009BD5ED /* LHYTableviewCell */ = {
			isa = PBXGroup;
			children = (
				8B2706D91CFC24C3009BD5ED /* Helper */,
				8B2706D51CFC2292009BD5ED /* LHYTableviewCell */,
				8B2706A51CFC2269009BD5ED /* AppDelegate.h */,
				8B2706A61CFC2269009BD5ED /* AppDelegate.m */,
				8B2706A81CFC2269009BD5ED /* ViewController.h */,
				8B2706A91CFC2269009BD5ED /* ViewController.m */,
				8B2706AB1CFC226A009BD5ED /* Main.storyboard */,
				8B2706AE1CFC226A009BD5ED /* Assets.xcassets */,
				8B2706B01CFC226A009BD5ED /* LaunchScreen.storyboard */,
				8B2706B31CFC226A009BD5ED /* Info.plist */,
				8B2706A21CFC2269009BD5ED /* Supporting Files */,
			);
			path = LHYTableviewCell;
			sourceTree = "<group>";
		};
		8B2706A21CFC2269009BD5ED /* Supporting Files */ = {
			isa = PBXGroup;
			children = (
				8B2706A31CFC2269009BD5ED /* main.m */,
			);
			name = "Supporting Files";
			sourceTree = "<group>";
		};
		8B2706BB1CFC226A009BD5ED /* LHYTableviewCellTests */ = {
			isa = PBXGroup;
			children = (
				8B2706BC1CFC226A009BD5ED /* LHYTableviewCellTests.m */,
				8B2706BE1CFC226A009BD5ED /* Info.plist */,
			);
			path = LHYTableviewCellTests;
			sourceTree = "<group>";
		};
		8B2706C61CFC226A009BD5ED /* LHYTableviewCellUITests */ = {
			isa = PBXGroup;
			children = (
				8B2706C71CFC226A009BD5ED /* LHYTableviewCellUITests.m */,
				8B2706C91CFC226A009BD5ED /* Info.plist */,
			);
			path = LHYTableviewCellUITests;
			sourceTree = "<group>";
		};
		8B2706D51CFC2292009BD5ED /* LHYTableviewCell */ = {
			isa = PBXGroup;
			children = (
				8B2706D61CFC22D5009BD5ED /* LHYTableViewCellView.h */,
				8B2706D71CFC22D5009BD5ED /* LHYTableViewCellView.m */,
				8B2707001CFC32D4009BD5ED /* LHYTableviewCell.h */,
				8B2707011CFC32D4009BD5ED /* LHYTableviewCell.m */,
			);
			path = LHYTableviewCell;
			sourceTree = "<group>";
		};
		8B2706D91CFC24C3009BD5ED /* Helper */ = {
			isa = PBXGroup;
			children = (
				8B2707041CFC3E31009BD5ED /* Category */,
				8B2706DA1CFC25DC009BD5ED /* Masonry */,
			);
			path = Helper;
			sourceTree = "<group>";
		};
		8B2706DA1CFC25DC009BD5ED /* Masonry */ = {
			isa = PBXGroup;
			children = (
				8B2706DB1CFC25DC009BD5ED /* Info.plist */,
				8B2706DC1CFC25DC009BD5ED /* MASCompositeConstraint.h */,
				8B2706DD1CFC25DC009BD5ED /* MASCompositeConstraint.m */,
				8B2706DE1CFC25DC009BD5ED /* MASConstraint+Private.h */,
				8B2706DF1CFC25DC009BD5ED /* MASConstraint.h */,
				8B2706E01CFC25DC009BD5ED /* MASConstraint.m */,
				8B2706E11CFC25DC009BD5ED /* MASConstraintMaker.h */,
				8B2706E21CFC25DC009BD5ED /* MASConstraintMaker.m */,
				8B2706E31CFC25DC009BD5ED /* MASLayoutConstraint.h */,
				8B2706E41CFC25DC009BD5ED /* MASLayoutConstraint.m */,
				8B2706E51CFC25DC009BD5ED /* Masonry.h */,
				8B2706E61CFC25DC009BD5ED /* MASUtilities.h */,
				8B2706E71CFC25DC009BD5ED /* MASViewAttribute.h */,
				8B2706E81CFC25DC009BD5ED /* MASViewAttribute.m */,
				8B2706E91CFC25DC009BD5ED /* MASViewConstraint.h */,
				8B2706EA1CFC25DC009BD5ED /* MASViewConstraint.m */,
				8B2706EB1CFC25DC009BD5ED /* NSArray+MASAdditions.h */,
				8B2706EC1CFC25DC009BD5ED /* NSArray+MASAdditions.m */,
				8B2706ED1CFC25DC009BD5ED /* NSArray+MASShorthandAdditions.h */,
				8B2706EE1CFC25DC009BD5ED /* NSLayoutConstraint+MASDebugAdditions.h */,
				8B2706EF1CFC25DC009BD5ED /* NSLayoutConstraint+MASDebugAdditions.m */,
				8B2706F01CFC25DC009BD5ED /* View+MASAdditions.h */,
				8B2706F11CFC25DC009BD5ED /* View+MASAdditions.m */,
				8B2706F21CFC25DC009BD5ED /* View+MASShorthandAdditions.h */,
				8B2706F31CFC25DC009BD5ED /* ViewController+MASAdditions.h */,
				8B2706F41CFC25DC009BD5ED /* ViewController+MASAdditions.m */,
			);
			path = Masonry;
			sourceTree = "<group>";
		};
		8B2707041CFC3E31009BD5ED /* Category */ = {
			isa = PBXGroup;
			children = (
				8BD5DF101CFD32CC00B2C545 /* UIView+Frame.h */,
				8BD5DF111CFD32CC00B2C545 /* UIView+Frame.m */,
				8B2707051CFC3E53009BD5ED /* NSString+CalcSize.h */,
				8B2707061CFC3E53009BD5ED /* NSString+CalcSize.m */,
			);
			path = Category;
			sourceTree = "<group>";
		};
/* End PBXGroup section */

/* Begin PBXNativeTarget section */
		8B27069E1CFC2269009BD5ED /* LHYTableviewCell */ = {
			isa = PBXNativeTarget;
			buildConfigurationList = 8B2706CC1CFC226A009BD5ED /* Build configuration list for PBXNativeTarget "LHYTableviewCell" */;
			buildPhases = (
				8B27069B1CFC2269009BD5ED /* Sources */,
				8B27069C1CFC2269009BD5ED /* Frameworks */,
				8B27069D1CFC2269009BD5ED /* Resources */,
			);
			buildRules = (
			);
			dependencies = (
			);
			name = LHYTableviewCell;
			productName = LHYTableviewCell;
			productReference = 8B27069F1CFC2269009BD5ED /* LHYTableviewCell.app */;
			productType = "com.apple.product-type.application";
		};
		8B2706B71CFC226A009BD5ED /* LHYTableviewCellTests */ = {
			isa = PBXNativeTarget;
			buildConfigurationList = 8B2706CF1CFC226A009BD5ED /* Build configuration list for PBXNativeTarget "LHYTableviewCellTests" */;
			buildPhases = (
				8B2706B41CFC226A009BD5ED /* Sources */,
				8B2706B51CFC226A009BD5ED /* Frameworks */,
				8B2706B61CFC226A009BD5ED /* Resources */,
			);
			buildRules = (
			);
			dependencies = (
				8B2706BA1CFC226A009BD5ED /* PBXTargetDependency */,
			);
			name = LHYTableviewCellTests;
			productName = LHYTableviewCellTests;
			productReference = 8B2706B81CFC226A009BD5ED /* LHYTableviewCellTests.xctest */;
			productType = "com.apple.product-type.bundle.unit-test";
		};
		8B2706C21CFC226A009BD5ED /* LHYTableviewCellUITests */ = {
			isa = PBXNativeTarget;
			buildConfigurationList = 8B2706D21CFC226A009BD5ED /* Build configuration list for PBXNativeTarget "LHYTableviewCellUITests" */;
			buildPhases = (
				8B2706BF1CFC226A009BD5ED /* Sources */,
				8B2706C01CFC226A009BD5ED /* Frameworks */,
				8B2706C11CFC226A009BD5ED /* Resources */,
			);
			buildRules = (
			);
			dependencies = (
				8B2706C51CFC226A009BD5ED /* PBXTargetDependency */,
			);
			name = LHYTableviewCellUITests;
			productName = LHYTableviewCellUITests;
			productReference = 8B2706C31CFC226A009BD5ED /* LHYTableviewCellUITests.xctest */;
			productType = "com.apple.product-type.bundle.ui-testing";
		};
/* End PBXNativeTarget section */

/* Begin PBXProject section */
		8B2706971CFC2269009BD5ED /* Project object */ = {
			isa = PBXProject;
			attributes = {
				LastUpgradeCheck = 0720;
				ORGANIZATIONNAME = lhy;
				TargetAttributes = {
					8B27069E1CFC2269009BD5ED = {
						CreatedOnToolsVersion = 7.2;
					};
					8B2706B71CFC226A009BD5ED = {
						CreatedOnToolsVersion = 7.2;
						TestTargetID = 8B27069E1CFC2269009BD5ED;
					};
					8B2706C21CFC226A009BD5ED = {
						CreatedOnToolsVersion = 7.2;
						TestTargetID = 8B27069E1CFC2269009BD5ED;
					};
				};
			};
			buildConfigurationList = 8B27069A1CFC2269009BD5ED /* Build configuration list for PBXProject "LHYTableviewCell" */;
			compatibilityVersion = "Xcode 3.2";
			developmentRegion = English;
			hasScannedForEncodings = 0;
			knownRegions = (
				en,
				Base,
			);
			mainGroup = 8B2706961CFC2269009BD5ED;
			productRefGroup = 8B2706A01CFC2269009BD5ED /* Products */;
			projectDirPath = "";
			projectRoot = "";
			targets = (
				8B27069E1CFC2269009BD5ED /* LHYTableviewCell */,
				8B2706B71CFC226A009BD5ED /* LHYTableviewCellTests */,
				8B2706C21CFC226A009BD5ED /* LHYTableviewCellUITests */,
			);
		};
/* End PBXProject section */

/* Begin PBXResourcesBuildPhase section */
		8B27069D1CFC2269009BD5ED /* Resources */ = {
			isa = PBXResourcesBuildPhase;
			buildActionMask = 2147483647;
			files = (
				8B2706F51CFC25DC009BD5ED /* Info.plist in Resources */,
				8B2706B21CFC226A009BD5ED /* LaunchScreen.storyboard in Resources */,
				8B2706AF1CFC226A009BD5ED /* Assets.xcassets in Resources */,
				8B2706AD1CFC226A009BD5ED /* Main.storyboard in Resources */,
			);
			runOnlyForDeploymentPostprocessing = 0;
		};
		8B2706B61CFC226A009BD5ED /* Resources */ = {
			isa = PBXResourcesBuildPhase;
			buildActionMask = 2147483647;
			files = (
			);
			runOnlyForDeploymentPostprocessing = 0;
		};
		8B2706C11CFC226A009BD5ED /* Resources */ = {
			isa = PBXResourcesBuildPhase;
			buildActionMask = 2147483647;
			files = (
			);
			runOnlyForDeploymentPostprocessing = 0;
		};
/* End PBXResourcesBuildPhase section */

/* Begin PBXSourcesBuildPhase section */
		8B27069B1CFC2269009BD5ED /* Sources */ = {
			isa = PBXSourcesBuildPhase;
			buildActionMask = 2147483647;
			files = (
				8B2706F81CFC25DC009BD5ED /* MASConstraintMaker.m in Sources */,
				8B2706D81CFC22D5009BD5ED /* LHYTableViewCellView.m in Sources */,
				8B2706AA1CFC2269009BD5ED /* ViewController.m in Sources */,
				8B2706F71CFC25DC009BD5ED /* MASConstraint.m in Sources */,
				8B2706FF1CFC25DC009BD5ED /* ViewController+MASAdditions.m in Sources */,
				8B2706F91CFC25DC009BD5ED /* MASLayoutConstraint.m in Sources */,
				8B2706FC1CFC25DC009BD5ED /* NSArray+MASAdditions.m in Sources */,
				8B2706FB1CFC25DC009BD5ED /* MASViewConstraint.m in Sources */,
				8B2706FA1CFC25DC009BD5ED /* MASViewAttribute.m in Sources */,
				8B2706FE1CFC25DC009BD5ED /* View+MASAdditions.m in Sources */,
				8B2706A71CFC2269009BD5ED /* AppDelegate.m in Sources */,
				8B2706A41CFC2269009BD5ED /* main.m in Sources */,
				8B2706F61CFC25DC009BD5ED /* MASCompositeConstraint.m in Sources */,
				8B2707021CFC32D4009BD5ED /* LHYTableviewCell.m in Sources */,
				8BD5DF121CFD32CC00B2C545 /* UIView+Frame.m in Sources */,
				8B2706FD1CFC25DC009BD5ED /* NSLayoutConstraint+MASDebugAdditions.m in Sources */,
				8B2707071CFC3E53009BD5ED /* NSString+CalcSize.m in Sources */,
			);
			runOnlyForDeploymentPostprocessing = 0;
		};
		8B2706B41CFC226A009BD5ED /* Sources */ = {
			isa = PBXSourcesBuildPhase;
			buildActionMask = 2147483647;
			files = (
				8B2706BD1CFC226A009BD5ED /* LHYTableviewCellTests.m in Sources */,
			);
			runOnlyForDeploymentPostprocessing = 0;
		};
		8B2706BF1CFC226A009BD5ED /* Sources */ = {
			isa = PBXSourcesBuildPhase;
			buildActionMask = 2147483647;
			files = (
				8B2706C81CFC226A009BD5ED /* LHYTableviewCellUITests.m in Sources */,
			);
			runOnlyForDeploymentPostprocessing = 0;
		};
/* End PBXSourcesBuildPhase section */

/* Begin PBXTargetDependency section */
		8B2706BA1CFC226A009BD5ED /* PBXTargetDependency */ = {
			isa = PBXTargetDependency;
			target = 8B27069E1CFC2269009BD5ED /* LHYTableviewCell */;
			targetProxy = 8B2706B91CFC226A009BD5ED /* PBXContainerItemProxy */;
		};
		8B2706C51CFC226A009BD5ED /* PBXTargetDependency */ = {
			isa = PBXTargetDependency;
			target = 8B27069E1CFC2269009BD5ED /* LHYTableviewCell */;
			targetProxy = 8B2706C41CFC226A009BD5ED /* PBXContainerItemProxy */;
		};
/* End PBXTargetDependency section */

/* Begin PBXVariantGroup section */
		8B2706AB1CFC226A009BD5ED /* Main.storyboard */ = {
			isa = PBXVariantGroup;
			children = (
				8B2706AC1CFC226A009BD5ED /* Base */,
			);
			name = Main.storyboard;
			sourceTree = "<group>";
		};
		8B2706B01CFC226A009BD5ED /* LaunchScreen.storyboard */ = {
			isa = PBXVariantGroup;
			children = (
				8B2706B11CFC226A009BD5ED /* Base */,
			);
			name = LaunchScreen.storyboard;
			sourceTree = "<group>";
		};
/* End PBXVariantGroup section */

/* Begin XCBuildConfiguration section */
		8B2706CA1CFC226A009BD5ED /* Debug */ = {
			isa = XCBuildConfiguration;
			buildSettings = {
				ALWAYS_SEARCH_USER_PATHS = NO;
				CLANG_CXX_LANGUAGE_STANDARD = "gnu++0x";
				CLANG_CXX_LIBRARY = "libc++";
				CLANG_ENABLE_MODULES = YES;
				CLANG_ENABLE_OBJC_ARC = YES;
				CLANG_WARN_BOOL_CONVERSION = YES;
				CLANG_WARN_CONSTANT_CONVERSION = YES;
				CLANG_WARN_DIRECT_OBJC_ISA_USAGE = YES_ERROR;
				CLANG_WARN_EMPTY_BODY = YES;
				CLANG_WARN_ENUM_CONVERSION = YES;
				CLANG_WARN_INT_CONVERSION = YES;
				CLANG_WARN_OBJC_ROOT_CLASS = YES_ERROR;
				CLANG_WARN_UNREACHABLE_CODE = YES;
				CLANG_WARN__DUPLICATE_METHOD_MATCH = YES;
				"CODE_SIGN_IDENTITY[sdk=iphoneos*]" = "iPhone Developer";
				COPY_PHASE_STRIP = NO;
				DEBUG_INFORMATION_FORMAT = dwarf;
				ENABLE_STRICT_OBJC_MSGSEND = YES;
				ENABLE_TESTABILITY = YES;
				GCC_C_LANGUAGE_STANDARD = gnu99;
				GCC_DYNAMIC_NO_PIC = NO;
				GCC_NO_COMMON_BLOCKS = YES;
				GCC_OPTIMIZATION_LEVEL = 0;
				GCC_PREPROCESSOR_DEFINITIONS = (
					"DEBUG=1",
					"$(inherited)",
				);
				GCC_WARN_64_TO_32_BIT_CONVERSION = YES;
				GCC_WARN_ABOUT_RETURN_TYPE = YES_ERROR;
				GCC_WARN_UNDECLARED_SELECTOR = YES;
				GCC_WARN_UNINITIALIZED_AUTOS = YES_AGGRESSIVE;
				GCC_WARN_UNUSED_FUNCTION = YES;
				GCC_WARN_UNUSED_VARIABLE = YES;
				IPHONEOS_DEPLOYMENT_TARGET = 9.2;
				MTL_ENABLE_DEBUG_INFO = YES;
				ONLY_ACTIVE_ARCH = YES;
				SDKROOT = iphoneos;
				TARGETED_DEVICE_FAMILY = "1,2";
			};
			name = Debug;
		};
		8B2706CB1CFC226A009BD5ED /* Release */ = {
			isa = XCBuildConfiguration;
			buildSettings = {
				ALWAYS_SEARCH_USER_PATHS = NO;
				CLANG_CXX_LANGUAGE_STANDARD = "gnu++0x";
				CLANG_CXX_LIBRARY = "libc++";
				CLANG_ENABLE_MODULES = YES;
				CLANG_ENABLE_OBJC_ARC = YES;
				CLANG_WARN_BOOL_CONVERSION = YES;
				CLANG_WARN_CONSTANT_CONVERSION = YES;
				CLANG_WARN_DIRECT_OBJC_ISA_USAGE = YES_ERROR;
				CLANG_WARN_EMPTY_BODY = YES;
				CLANG_WARN_ENUM_CONVERSION = YES;
				CLANG_WARN_INT_CONVERSION = YES;
				CLANG_WARN_OBJC_ROOT_CLASS = YES_ERROR;
				CLANG_WARN_UNREACHABLE_CODE = YES;
				CLANG_WARN__DUPLICATE_METHOD_MATCH = YES;
				"CODE_SIGN_IDENTITY[sdk=iphoneos*]" = "iPhone Developer";
				COPY_PHASE_STRIP = NO;
				DEBUG_INFORMATION_FORMAT = "dwarf-with-dsym";
				ENABLE_NS_ASSERTIONS = NO;
				ENABLE_STRICT_OBJC_MSGSEND = YES;
				GCC_C_LANGUAGE_STANDARD = gnu99;
				GCC_NO_COMMON_BLOCKS = YES;
				GCC_WARN_64_TO_32_BIT_CONVERSION = YES;
				GCC_WARN_ABOUT_RETURN_TYPE = YES_ERROR;
				GCC_WARN_UNDECLARED_SELECTOR = YES;
				GCC_WARN_UNINITIALIZED_AUTOS = YES_AGGRESSIVE;
				GCC_WARN_UNUSED_FUNCTION = YES;
				GCC_WARN_UNUSED_VARIABLE = YES;
				IPHONEOS_DEPLOYMENT_TARGET = 9.2;
				MTL_ENABLE_DEBUG_INFO = NO;
				SDKROOT = iphoneos;
				TARGETED_DEVICE_FAMILY = "1,2";
				VALIDATE_PRODUCT = YES;
			};
			name = Release;
		};
		8B2706CD1CFC226A009BD5ED /* Debug */ = {
			isa = XCBuildConfiguration;
			buildSettings = {
				ASSETCATALOG_COMPILER_APPICON_NAME = AppIcon;
				INFOPLIST_FILE = LHYTableviewCell/Info.plist;
				LD_RUNPATH_SEARCH_PATHS = "$(inherited) @executable_path/Frameworks";
				PRODUCT_BUNDLE_IDENTIFIER = com.moxian.LHYTableviewCell;
				PRODUCT_NAME = "$(TARGET_NAME)";
			};
			name = Debug;
		};
		8B2706CE1CFC226A009BD5ED /* Release */ = {
			isa = XCBuildConfiguration;
			buildSettings = {
				ASSETCATALOG_COMPILER_APPICON_NAME = AppIcon;
				INFOPLIST_FILE = LHYTableviewCell/Info.plist;
				LD_RUNPATH_SEARCH_PATHS = "$(inherited) @executable_path/Frameworks";
				PRODUCT_BUNDLE_IDENTIFIER = com.moxian.LHYTableviewCell;
				PRODUCT_NAME = "$(TARGET_NAME)";
			};
			name = Release;
		};
		8B2706D01CFC226A009BD5ED /* Debug */ = {
			isa = XCBuildConfiguration;
			buildSettings = {
				BUNDLE_LOADER = "$(TEST_HOST)";
				INFOPLIST_FILE = LHYTableviewCellTests/Info.plist;
				LD_RUNPATH_SEARCH_PATHS = "$(inherited) @executable_path/Frameworks @loader_path/Frameworks";
				PRODUCT_BUNDLE_IDENTIFIER = com.moxian.LHYTableviewCellTests;
				PRODUCT_NAME = "$(TARGET_NAME)";
				TEST_HOST = "$(BUILT_PRODUCTS_DIR)/LHYTableviewCell.app/LHYTableviewCell";
			};
			name = Debug;
		};
		8B2706D11CFC226A009BD5ED /* Release */ = {
			isa = XCBuildConfiguration;
			buildSettings = {
				BUNDLE_LOADER = "$(TEST_HOST)";
				INFOPLIST_FILE = LHYTableviewCellTests/Info.plist;
				LD_RUNPATH_SEARCH_PATHS = "$(inherited) @executable_path/Frameworks @loader_path/Frameworks";
				PRODUCT_BUNDLE_IDENTIFIER = com.moxian.LHYTableviewCellTests;
				PRODUCT_NAME = "$(TARGET_NAME)";
				TEST_HOST = "$(BUILT_PRODUCTS_DIR)/LHYTableviewCell.app/LHYTableviewCell";
			};
			name = Release;
		};
		8B2706D31CFC226A009BD5ED /* Debug */ = {
			isa = XCBuildConfiguration;
			buildSettings = {
				INFOPLIST_FILE = LHYTableviewCellUITests/Info.plist;
				LD_RUNPATH_SEARCH_PATHS = "$(inherited) @executable_path/Frameworks @loader_path/Frameworks";
				PRODUCT_BUNDLE_IDENTIFIER = com.moxian.LHYTableviewCellUITests;
				PRODUCT_NAME = "$(TARGET_NAME)";
				TEST_TARGET_NAME = LHYTableviewCell;
				USES_XCTRUNNER = YES;
			};
			name = Debug;
		};
		8B2706D41CFC226A009BD5ED /* Release */ = {
			isa = XCBuildConfiguration;
			buildSettings = {
				INFOPLIST_FILE = LHYTableviewCellUITests/Info.plist;
				LD_RUNPATH_SEARCH_PATHS = "$(inherited) @executable_path/Frameworks @loader_path/Frameworks";
				PRODUCT_BUNDLE_IDENTIFIER = com.moxian.LHYTableviewCellUITests;
				PRODUCT_NAME = "$(TARGET_NAME)";
				TEST_TARGET_NAME = LHYTableviewCell;
				USES_XCTRUNNER = YES;
			};
			name = Release;
		};
/* End XCBuildConfiguration section */

/* Begin XCConfigurationList section */
		8B27069A1CFC2269009BD5ED /* Build configuration list for PBXProject "LHYTableviewCell" */ = {
			isa = XCConfigurationList;
			buildConfigurations = (
				8B2706CA1CFC226A009BD5ED /* Debug */,
				8B2706CB1CFC226A009BD5ED /* Release */,
			);
			defaultConfigurationIsVisible = 0;
			defaultConfigurationName = Release;
		};
		8B2706CC1CFC226A009BD5ED /* Build configuration list for PBXNativeTarget "LHYTableviewCell" */ = {
			isa = XCConfigurationList;
			buildConfigurations = (
				8B2706CD1CFC226A009BD5ED /* Debug */,
				8B2706CE1CFC226A009BD5ED /* Release */,
			);
			defaultConfigurationIsVisible = 0;
			defaultConfigurationName = Release;
		};
		8B2706CF1CFC226A009BD5ED /* Build configuration list for PBXNativeTarget "LHYTableviewCellTests" */ = {
			isa = XCConfigurationList;
			buildConfigurations = (
				8B2706D01CFC226A009BD5ED /* Debug */,
				8B2706D11CFC226A009BD5ED /* Release */,
			);
			defaultConfigurationIsVisible = 0;
			defaultConfigurationName = Release;
		};
		8B2706D21CFC226A009BD5ED /* Build configuration list for PBXNativeTarget "LHYTableviewCellUITests" */ = {
			isa = XCConfigurationList;
			buildConfigurations = (
				8B2706D31CFC226A009BD5ED /* Debug */,
				8B2706D41CFC226A009BD5ED /* Release */,
			);
			defaultConfigurationIsVisible = 0;
			defaultConfigurationName = Release;
		};
/* End XCConfigurationList section */
	};
	rootObject = 8B2706971CFC2269009BD5ED /* Project object */;
}
